{
  "name": "proyecto_mio_front_end",
  "lockfileVersion": 3,
  "requires": true,
  "packages": {
    "": {
      "dependencies": {
        "loadash": "^1.0.0",
        "react-google-recaptcha": "^3.1.0",
        "victory": "^37.3.4"
      }
    },
    "node_modules/@types/d3-array": {
      "version": "3.2.1",
      "resolved": "https://registry.npmjs.org/@types/d3-array/-/d3-array-3.2.1.tgz",
      "integrity": "sha512-Y2Jn2idRrLzUfAKV2LyRImR+y4oa2AntrgID95SHJxuMUrkNXmanDSed71sRNZysveJVt1hLLemQZIady0FpEg==",
      "license": "MIT"
    },
    "node_modules/@types/d3-color": {
      "version": "3.1.3",
      "resolved": "https://registry.npmjs.org/@types/d3-color/-/d3-color-3.1.3.tgz",
      "integrity": "sha512-iO90scth9WAbmgv7ogoq57O9YpKmFBbmoEoCHDB2xMBY0+/KVrqAaCDyCE16dUspeOvIxFFRI+0sEtqDqy2b4A==",
      "license": "MIT"
    },
    "node_modules/@types/d3-ease": {
      "version": "3.0.2",
      "resolved": "https://registry.npmjs.org/@types/d3-ease/-/d3-ease-3.0.2.tgz",
      "integrity": "sha512-NcV1JjO5oDzoK26oMzbILE6HW7uVXOHLQvHshBUW4UMdZGfiY6v5BeQwh9a9tCzv+CeefZQHJt5SRgK154RtiA==",
      "license": "MIT"
    },
    "node_modules/@types/d3-interpolate": {
      "version": "3.0.4",
      "resolved": "https://registry.npmjs.org/@types/d3-interpolate/-/d3-interpolate-3.0.4.tgz",
      "integrity": "sha512-mgLPETlrpVV1YRJIglr4Ez47g7Yxjl1lj7YKsiMCb27VJH9W8NVM6Bb9d8kkpG/uAQS5AmbA48q2IAolKKo1MA==",
      "license": "MIT",
      "dependencies": {
        "@types/d3-color": "*"
      }
    },
    "node_modules/@types/d3-path": {
      "version": "3.1.0",
      "resolved": "https://registry.npmjs.org/@types/d3-path/-/d3-path-3.1.0.tgz",
      "integrity": "sha512-P2dlU/q51fkOc/Gfl3Ul9kicV7l+ra934qBFXCFhrZMOL6du1TM0pm1ThYvENukyOn5h9v+yMJ9Fn5JK4QozrQ==",
      "license": "MIT"
    },
    "node_modules/@types/d3-scale": {
      "version": "4.0.8",
      "resolved": "https://registry.npmjs.org/@types/d3-scale/-/d3-scale-4.0.8.tgz",
      "integrity": "sha512-gkK1VVTr5iNiYJ7vWDI+yUFFlszhNMtVeneJ6lUTKPjprsvLLI9/tgEGiXJOnlINJA8FyA88gfnQsHbybVZrYQ==",
      "license": "MIT",
      "dependencies": {
        "@types/d3-time": "*"
      }
    },
    "node_modules/@types/d3-shape": {
      "version": "3.1.6",
      "resolved": "https://registry.npmjs.org/@types/d3-shape/-/d3-shape-3.1.6.tgz",
      "integrity": "sha512-5KKk5aKGu2I+O6SONMYSNflgiP0WfZIQvVUMan50wHsLG1G94JlxEVnCpQARfTtzytuY0p/9PXXZb3I7giofIA==",
      "license": "MIT",
      "dependencies": {
        "@types/d3-path": "*"
      }
    },
    "node_modules/@types/d3-time": {
      "version": "3.0.4",
      "resolved": "https://registry.npmjs.org/@types/d3-time/-/d3-time-3.0.4.tgz",
      "integrity": "sha512-yuzZug1nkAAaBlBBikKZTgzCeA+k1uy4ZFwWANOfKw5z5LRhV0gNA7gNkKm7HoK+HRN0wX3EkxGk0fpbWhmB7g==",
      "license": "MIT"
    },
    "node_modules/@types/d3-timer": {
      "version": "3.0.2",
      "resolved": "https://registry.npmjs.org/@types/d3-timer/-/d3-timer-3.0.2.tgz",
      "integrity": "sha512-Ps3T8E8dZDam6fUyNiMkekK3XUsaUEik+idO9/YjPtfj2qruF8tFBXS7XhtE4iIXBLxhmLjP3SXpLhVf21I9Lw==",
      "license": "MIT"
    },
    "node_modules/d3-array": {
      "version": "3.2.4",
      "resolved": "https://registry.npmjs.org/d3-array/-/d3-array-3.2.4.tgz",
      "integrity": "sha512-tdQAmyA18i4J7wprpYq8ClcxZy3SC31QMeByyCFyRt7BVHdREQZ5lpzoe5mFEYZUWe+oq8HBvk9JjpibyEV4Jg==",
      "license": "ISC",
      "dependencies": {
        "internmap": "1 - 2"
      },
      "engines": {
        "node": ">=12"
      }
    },
    "node_modules/d3-color": {
      "version": "3.1.0",
      "resolved": "https://registry.npmjs.org/d3-color/-/d3-color-3.1.0.tgz",
      "integrity": "sha512-zg/chbXyeBtMQ1LbD/WSoW2DpC3I0mpmPdW+ynRTj/x2DAWYrIY7qeZIHidozwV24m4iavr15lNwIwLxRmOxhA==",
      "license": "ISC",
      "engines": {
        "node": ">=12"
      }
    },
    "node_modules/d3-ease": {
      "version": "3.0.1",
      "resolved": "https://registry.npmjs.org/d3-ease/-/d3-ease-3.0.1.tgz",
      "integrity": "sha512-wR/XK3D3XcLIZwpbvQwQ5fK+8Ykds1ip7A2Txe0yxncXSdq1L9skcG7blcedkOX+ZcgxGAmLX1FrRGbADwzi0w==",
      "license": "BSD-3-Clause",
      "engines": {
        "node": ">=12"
      }
    },
    "node_modules/d3-format": {
      "version": "3.1.0",
      "resolved": "https://registry.npmjs.org/d3-format/-/d3-format-3.1.0.tgz",
      "integrity": "sha512-YyUI6AEuY/Wpt8KWLgZHsIU86atmikuoOmCfommt0LYHiQSPjvX2AcFc38PX0CBpr2RCyZhjex+NS/LPOv6YqA==",
      "license": "ISC",
      "engines": {
        "node": ">=12"
      }
    },
    "node_modules/d3-interpolate": {
      "version": "3.0.1",
      "resolved": "https://registry.npmjs.org/d3-interpolate/-/d3-interpolate-3.0.1.tgz",
      "integrity": "sha512-3bYs1rOD33uo8aqJfKP3JWPAibgw8Zm2+L9vBKEHJ2Rg+viTR7o5Mmv5mZcieN+FRYaAOWX5SJATX6k1PWz72g==",
      "license": "ISC",
      "dependencies": {
        "d3-color": "1 - 3"
      },
      "engines": {
        "node": ">=12"
      }
    },
    "node_modules/d3-path": {
      "version": "3.1.0",
      "resolved": "https://registry.npmjs.org/d3-path/-/d3-path-3.1.0.tgz",
      "integrity": "sha512-p3KP5HCf/bvjBSSKuXid6Zqijx7wIfNW+J/maPs+iwR35at5JCbLUT0LzF1cnjbCHWhqzQTIN2Jpe8pRebIEFQ==",
      "license": "ISC",
      "engines": {
        "node": ">=12"
      }
    },
    "node_modules/d3-scale": {
      "version": "4.0.2",
      "resolved": "https://registry.npmjs.org/d3-scale/-/d3-scale-4.0.2.tgz",
      "integrity": "sha512-GZW464g1SH7ag3Y7hXjf8RoUuAFIqklOAq3MRl4OaWabTFJY9PN/E1YklhXLh+OQ3fM9yS2nOkCoS+WLZ6kvxQ==",
      "license": "ISC",
      "dependencies": {
        "d3-array": "2.10.0 - 3",
        "d3-format": "1 - 3",
        "d3-interpolate": "1.2.0 - 3",
        "d3-time": "2.1.1 - 3",
        "d3-time-format": "2 - 4"
      },
      "engines": {
        "node": ">=12"
      }
    },
    "node_modules/d3-shape": {
      "version": "3.2.0",
      "resolved": "https://registry.npmjs.org/d3-shape/-/d3-shape-3.2.0.tgz",
      "integrity": "sha512-SaLBuwGm3MOViRq2ABk3eLoxwZELpH6zhl3FbAoJ7Vm1gofKx6El1Ib5z23NUEhF9AsGl7y+dzLe5Cw2AArGTA==",
      "license": "ISC",
      "dependencies": {
        "d3-path": "^3.1.0"
      },
      "engines": {
        "node": ">=12"
      }
    },
    "node_modules/d3-time": {
      "version": "3.1.0",
      "resolved": "https://registry.npmjs.org/d3-time/-/d3-time-3.1.0.tgz",
      "integrity": "sha512-VqKjzBLejbSMT4IgbmVgDjpkYrNWUYJnbCGo874u7MMKIWsILRX+OpX/gTk8MqjpT1A/c6HY2dCA77ZN0lkQ2Q==",
      "license": "ISC",
      "dependencies": {
        "d3-array": "2 - 3"
      },
      "engines": {
        "node": ">=12"
      }
    },
    "node_modules/d3-time-format": {
      "version": "4.1.0",
      "resolved": "https://registry.npmjs.org/d3-time-format/-/d3-time-format-4.1.0.tgz",
      "integrity": "sha512-dJxPBlzC7NugB2PDLwo9Q8JiTR3M3e4/XANkreKSUxF8vvXKqm1Yfq4Q5dl8budlunRVlUUaDUgFt7eA8D6NLg==",
      "license": "ISC",
      "dependencies": {
        "d3-time": "1 - 3"
      },
      "engines": {
        "node": ">=12"
      }
    },
    "node_modules/d3-timer": {
      "version": "3.0.1",
      "resolved": "https://registry.npmjs.org/d3-timer/-/d3-timer-3.0.1.tgz",
      "integrity": "sha512-ndfJ/JxxMd3nw31uyKoY2naivF+r29V+Lc0svZxe1JvvIRmi8hUsrMvdOwgS1o6uBHmiz91geQ0ylPP0aj1VUA==",
      "license": "ISC",
      "engines": {
        "node": ">=12"
      }
    },
    "node_modules/d3-voronoi": {
      "version": "1.1.4",
      "resolved": "https://registry.npmjs.org/d3-voronoi/-/d3-voronoi-1.1.4.tgz",
      "integrity": "sha512-dArJ32hchFsrQ8uMiTBLq256MpnZjeuBtdHpaDlYuQyjU0CVzCJl/BVW+SkszaAeH95D/8gxqAhgx0ouAWAfRg==",
      "license": "BSD-3-Clause"
    },
    "node_modules/delaunator": {
      "version": "4.0.1",
      "resolved": "https://registry.npmjs.org/delaunator/-/delaunator-4.0.1.tgz",
      "integrity": "sha512-WNPWi1IRKZfCt/qIDMfERkDp93+iZEmOxN2yy4Jg+Xhv8SLk2UTqqbe1sfiipn0and9QrE914/ihdx82Y/Giag==",
      "license": "ISC"
    },
    "node_modules/delaunay-find": {
      "version": "0.0.6",
      "resolved": "https://registry.npmjs.org/delaunay-find/-/delaunay-find-0.0.6.tgz",
      "integrity": "sha512-1+almjfrnR7ZamBk0q3Nhg6lqSe6Le4vL0WJDSMx4IDbQwTpUTXPjxC00lqLBT8MYsJpPCbI16sIkw9cPsbi7Q==",
      "license": "ISC",
      "dependencies": {
        "delaunator": "^4.0.0"
      }
    },
    "node_modules/hoist-non-react-statics": {
      "version": "3.3.2",
      "resolved": "https://registry.npmjs.org/hoist-non-react-statics/-/hoist-non-react-statics-3.3.2.tgz",
      "integrity": "sha512-/gGivxi8JPKWNm/W0jSmzcMPpfpPLc3dY/6GxhX2hQ9iGj3aDfklV4ET7NjKpSinLpJ5vafa9iiGIEZg10SfBw==",
      "license": "BSD-3-Clause",
      "dependencies": {
        "react-is": "^16.7.0"
      }
    },
    "node_modules/internmap": {
      "version": "2.0.3",
      "resolved": "https://registry.npmjs.org/internmap/-/internmap-2.0.3.tgz",
      "integrity": "sha512-5Hh7Y1wQbvY5ooGgPbDaL5iYLAPzMTUrjMulskHLH6wnv/A+1q5rgEaiuqEjB+oxGXIVZs1FF+R/KPN3ZSQYYg==",
      "license": "ISC",
      "engines": {
        "node": ">=12"
      }
    },
    "node_modules/js-tokens": {
      "version": "4.0.0",
      "resolved": "https://registry.npmjs.org/js-tokens/-/js-tokens-4.0.0.tgz",
      "integrity": "sha512-RdJUflcE3cUzKiMqQgsCu06FPu9UdIJO0beYbPhHN4k6apgJtifcoCtT9bcxOpYBtpD2kCM6Sbzg4CausW/PKQ==",
      "license": "MIT"
    },
    "node_modules/json-stringify-safe": {
      "version": "5.0.1",
      "resolved": "https://registry.npmjs.org/json-stringify-safe/-/json-stringify-safe-5.0.1.tgz",
      "integrity": "sha512-ZClg6AaYvamvYEE82d3Iyd3vSSIjQ+odgjaTzRuO3s7toCdFKczob2i0zCh7JE8kWn17yvAWhUVxvqGwUalsRA==",
      "license": "ISC"
    },
    "node_modules/loadash": {
      "version": "1.0.0",
      "resolved": "https://registry.npmjs.org/loadash/-/loadash-1.0.0.tgz",
      "integrity": "sha512-xlX5HBsXB3KG0FJbJJG/3kYWCfsCyCSus3T+uHVu6QL6YxAdggmm3QeyLgn54N2yi5/UE6xxL5ZWJAAiHzHYEg==",
      "deprecated": "Package is unsupport. Please use the lodash package instead.",
      "license": "ISC"
    },
    "node_modules/lodash": {
      "version": "4.17.21",
      "resolved": "https://registry.npmjs.org/lodash/-/lodash-4.17.21.tgz",
      "integrity": "sha512-v2kDEe57lecTulaDIuNTPy3Ry4gLGJ6Z1O3vE1krgXZNrsQ+LFTGHVxVjcXPs17LhbZVGedAJv8XZ1tvj5FvSg==",
      "license": "MIT"
    },
    "node_modules/loose-envify": {
      "version": "1.4.0",
      "resolved": "https://registry.npmjs.org/loose-envify/-/loose-envify-1.4.0.tgz",
      "integrity": "sha512-lyuxPGr/Wfhrlem2CL/UcnUc1zcqKAImBDzukY7Y5F/yQiNdko6+fRLevlw1HgMySw7f611UIY408EtxRSoK3Q==",
      "license": "MIT",
      "dependencies": {
        "js-tokens": "^3.0.0 || ^4.0.0"
      },
      "bin": {
        "loose-envify": "cli.js"
      }
    },
    "node_modules/object-assign": {
      "version": "4.1.1",
      "resolved": "https://registry.npmjs.org/object-assign/-/object-assign-4.1.1.tgz",
      "integrity": "sha512-rJgTQnkUnH1sFw8yT6VSU3zD3sWmu6sZhIseY8VX+GRu3P6F7Fu+JNDoXfklElbLJSnc3FUQHVe4cU5hj+BcUg==",
      "license": "MIT",
      "engines": {
        "node": ">=0.10.0"
      }
    },
    "node_modules/prop-types": {
      "version": "15.8.1",
      "resolved": "https://registry.npmjs.org/prop-types/-/prop-types-15.8.1.tgz",
      "integrity": "sha512-oj87CgZICdulUohogVAR7AjlC0327U4el4L6eAvOqCeudMDVU0NThNaV+b9Df4dXgSP1gXMTnPdhfe/2qDH5cg==",
      "license": "MIT",
      "dependencies": {
        "loose-envify": "^1.4.0",
        "object-assign": "^4.1.1",
        "react-is": "^16.13.1"
      }
    },
    "node_modules/react": {
      "version": "19.0.0",
      "resolved": "https://registry.npmjs.org/react/-/react-19.0.0.tgz",
      "integrity": "sha512-V8AVnmPIICiWpGfm6GLzCR/W5FXLchHop40W4nXBmdlEceh16rCN8O8LNWm5bh5XUX91fh7KpA+W0TgMKmgTpQ==",
      "license": "MIT",
      "peer": true,
      "engines": {
        "node": ">=0.10.0"
      }
    },
    "node_modules/react-async-script": {
      "version": "1.2.0",
      "resolved": "https://registry.npmjs.org/react-async-script/-/react-async-script-1.2.0.tgz",
      "integrity": "sha512-bCpkbm9JiAuMGhkqoAiC0lLkb40DJ0HOEJIku+9JDjxX3Rcs+ztEOG13wbrOskt3n2DTrjshhaQ/iay+SnGg5Q==",
      "license": "MIT",
      "dependencies": {
        "hoist-non-react-statics": "^3.3.0",
        "prop-types": "^15.5.0"
      },
      "peerDependencies": {
        "react": ">=16.4.1"
      }
    },
    "node_modules/react-fast-compare": {
      "version": "3.2.2",
      "resolved": "https://registry.npmjs.org/react-fast-compare/-/react-fast-compare-3.2.2.tgz",
      "integrity": "sha512-nsO+KSNgo1SbJqJEYRE9ERzo7YtYbou/OqjSQKxV7jcKox7+usiUVZOAC+XnDOABXggQTno0Y1CpVnuWEc1boQ==",
      "license": "MIT"
    },
    "node_modules/react-google-recaptcha": {
      "version": "3.1.0",
      "resolved": "https://registry.npmjs.org/react-google-recaptcha/-/react-google-recaptcha-3.1.0.tgz",
      "integrity": "sha512-cYW2/DWas8nEKZGD7SCu9BSuVz8iOcOLHChHyi7upUuVhkpkhYG/6N3KDiTQ3XAiZ2UAZkfvYKMfAHOzBOcGEg==",
      "license": "MIT",
      "dependencies": {
        "prop-types": "^15.5.0",
        "react-async-script": "^1.2.0"
      },
      "peerDependencies": {
        "react": ">=16.4.1"
      }
    },
    "node_modules/react-is": {
      "version": "16.13.1",
      "resolved": "https://registry.npmjs.org/react-is/-/react-is-16.13.1.tgz",
      "integrity": "sha512-24e6ynE2H+OKt4kqsOvNd8kBpV65zoxbA4BVsEOB3ARVWQki/DHzaUoC5KuON/BiccDaCCTZBuOcfZs70kR8bQ==",
      "license": "MIT"
    },
    "node_modules/victory": {
      "version": "37.3.4",
      "resolved": "https://registry.npmjs.org/victory/-/victory-37.3.4.tgz",
      "integrity": "sha512-4fozCnfG8z6EqgQ1G3e0JNTjfr87cUx+MDVwmqfeq0NZATUcXaJ16dcjkZHpXHLoFu/CCZCXGqZSpL/y4l1yUQ==",
      "license": "MIT",
      "dependencies": {
        "victory-area": "37.3.4",
        "victory-axis": "37.3.4",
        "victory-bar": "37.3.4",
        "victory-box-plot": "37.3.4",
        "victory-brush-container": "37.3.4",
        "victory-brush-line": "37.3.4",
        "victory-candlestick": "37.3.4",
        "victory-canvas": "37.3.4",
        "victory-chart": "37.3.4",
        "victory-core": "37.3.4",
        "victory-create-container": "37.3.4",
        "victory-cursor-container": "37.3.4",
        "victory-errorbar": "37.3.4",
        "victory-group": "37.3.4",
        "victory-histogram": "37.3.4",
        "victory-legend": "37.3.4",
        "victory-line": "37.3.4",
        "victory-pie": "37.3.4",
        "victory-polar-axis": "37.3.4",
        "victory-scatter": "37.3.4",
        "victory-selection-container": "37.3.4",
        "victory-shared-events": "37.3.4",
        "victory-stack": "37.3.4",
        "victory-tooltip": "37.3.4",
        "victory-voronoi": "37.3.4",
        "victory-voronoi-container": "37.3.4",
        "victory-zoom-container": "37.3.4"
      },
      "peerDependencies": {
        "react": ">=16.6.0"
      }
    },
    "node_modules/victory-area": {
      "version": "37.3.4",
      "resolved": "https://registry.npmjs.org/victory-area/-/victory-area-37.3.4.tgz",
      "integrity": "sha512-1TUuXHBBttlW2E/totLcG982b364qqiRHvi+zPjIblPqLilQT0tbuk+CYMxxbs4+M5s5GgKP28KIEX5qlrqmLA==",
      "license": "MIT",
      "dependencies": {
        "lodash": "^4.17.19",
        "victory-core": "37.3.4",
        "victory-vendor": "37.3.4"
      },
      "peerDependencies": {
        "react": ">=16.6.0"
      }
    },
    "node_modules/victory-axis": {
      "version": "37.3.4",
      "resolved": "https://registry.npmjs.org/victory-axis/-/victory-axis-37.3.4.tgz",
      "integrity": "sha512-Z7SfBtR54vD3pKGzJDTzsqQJc16FNNUbGPBjn87uaTz+Va+foG7i37WnH6Z96TmtrMIWg+h/MzkySJpyDmC5Gg==",
      "license": "MIT",
      "dependencies": {
        "lodash": "^4.17.19",
        "victory-core": "37.3.4"
      },
      "peerDependencies": {
        "react": ">=16.6.0"
      }
    },
    "node_modules/victory-bar": {
      "version": "37.3.4",
      "resolved": "https://registry.npmjs.org/victory-bar/-/victory-bar-37.3.4.tgz",
      "integrity": "sha512-I3hNbzlqG3QoqrUZMdlR0zAiNQOXpevDvIUVCFRegnGsRZPl05KiYjNoKzaIpc/82AuZyfKGenAIDCcbevkFjA==",
      "license": "MIT",
      "dependencies": {
        "lodash": "^4.17.19",
        "victory-core": "37.3.4",
        "victory-vendor": "37.3.4"
      },
      "peerDependencies": {
        "react": ">=16.6.0"
      }
    },
    "node_modules/victory-box-plot": {
      "version": "37.3.4",
      "resolved": "https://registry.npmjs.org/victory-box-plot/-/victory-box-plot-37.3.4.tgz",
      "integrity": "sha512-6ghOwA9C4qPJTf2GKWX4PtPL4REmT4g8RD1frAZkeR04nzN5BGjF1HD1WAHwqAigXPr8tswEpvSQJT21RRstDA==",
      "license": "MIT",
      "dependencies": {
        "lodash": "^4.17.19",
        "victory-core": "37.3.4",
        "victory-vendor": "37.3.4"
      },
      "peerDependencies": {
        "react": ">=16.6.0"
      }
    },
    "node_modules/victory-brush-container": {
      "version": "37.3.4",
      "resolved": "https://registry.npmjs.org/victory-brush-container/-/victory-brush-container-37.3.4.tgz",
      "integrity": "sha512-Blc0FsT6bqU86x7vBixpPjL3bDwJIc8UX8w/MkNQGU4REsRkN83a5yVL/vbfc/H3aUG4YJaMep7Gh0RwuNBYag==",
      "license": "MIT",
      "dependencies": {
        "lodash": "^4.17.19",
        "react-fast-compare": "^3.2.0",
        "victory-core": "37.3.4"
      },
      "peerDependencies": {
        "react": ">=16.6.0"
      }
    },
    "node_modules/victory-brush-line": {
      "version": "37.3.4",
      "resolved": "https://registry.npmjs.org/victory-brush-line/-/victory-brush-line-37.3.4.tgz",
      "integrity": "sha512-osKm2ouWGg0J19KF08GDjSkN4zHRtjvBG+pcxdeiAaOBa3jfD03Mrlx0gXkWK1X6F3NTFEsaf8iUpubeDrlHyg==",
      "license": "MIT",
      "dependencies": {
        "lodash": "^4.17.19",
        "react-fast-compare": "^3.2.0",
        "victory-core": "37.3.4"
      },
      "peerDependencies": {
        "react": ">=16.6.0"
      }
    },
    "node_modules/victory-candlestick": {
      "version": "37.3.4",
      "resolved": "https://registry.npmjs.org/victory-candlestick/-/victory-candlestick-37.3.4.tgz",
      "integrity": "sha512-6pphv0oGzbjbTSMDsy9b5jVs+q2KH9sRaqcIGFMRUZicnuTLettie945gohWrr/FGYd/2Q1/ss8Jq5/lizFYpA==",
      "license": "MIT",
      "dependencies": {
        "lodash": "^4.17.19",
        "victory-core": "37.3.4"
      },
      "peerDependencies": {
        "react": ">=16.6.0"
      }
    },
    "node_modules/victory-canvas": {
      "version": "37.3.4",
      "resolved": "https://registry.npmjs.org/victory-canvas/-/victory-canvas-37.3.4.tgz",
      "integrity": "sha512-32Ql5kXrKlqLLZbP3IDmB6w9ONpzVG+EuUWB6rAxIONeSPy6eZfIx+IYy0CUAkJj+zwa50iVL5GeRtLNb05WZw==",
      "license": "MIT",
      "dependencies": {
        "lodash": "^4.17.19",
        "victory-bar": "37.3.4",
        "victory-core": "37.3.4"
      },
      "peerDependencies": {
        "react": ">=16.6.0"
      }
    },
    "node_modules/victory-chart": {
      "version": "37.3.4",
      "resolved": "https://registry.npmjs.org/victory-chart/-/victory-chart-37.3.4.tgz",
      "integrity": "sha512-iQ7jSnDSpvHFe+L97jaOPaSPXQzpPhYX5TE4j8olDR/hqWEwALDkFzTCiZt/cLD9lhL+OJQSRbxtwlXMndPlgg==",
      "license": "MIT",
      "dependencies": {
        "lodash": "^4.17.19",
        "react-fast-compare": "^3.2.0",
        "victory-axis": "37.3.4",
        "victory-core": "37.3.4",
        "victory-polar-axis": "37.3.4",
        "victory-shared-events": "37.3.4"
      },
      "peerDependencies": {
        "react": ">=16.6.0"
      }
    },
    "node_modules/victory-core": {
      "version": "37.3.4",
      "resolved": "https://registry.npmjs.org/victory-core/-/victory-core-37.3.4.tgz",
      "integrity": "sha512-EGPjBMsVjOEXOtcNOalG96AgytcUb6Ko3EdlSMIrPO8MV6REjmokwbit1zV6ImlptXhSjZbrCvsFQ96+5ucMvQ==",
      "license": "MIT",
      "dependencies": {
        "lodash": "^4.17.21",
        "react-fast-compare": "^3.2.0",
        "victory-vendor": "37.3.4"
      },
      "peerDependencies": {
        "react": ">=16.6.0"
      }
    },
    "node_modules/victory-create-container": {
      "version": "37.3.4",
      "resolved": "https://registry.npmjs.org/victory-create-container/-/victory-create-container-37.3.4.tgz",
      "integrity": "sha512-jYSuw5LrqczhBj0oeiDZSLG8VmLIgEc5LYH375iVBHoeSBlLC5f1WRhr7BsSHV4hVqE5IlpYE+4LR0pUM9Ea+w==",
      "license": "MIT",
      "dependencies": {
        "lodash": "^4.17.19",
        "victory-brush-container": "37.3.4",
        "victory-core": "37.3.4",
        "victory-cursor-container": "37.3.4",
        "victory-selection-container": "37.3.4",
        "victory-voronoi-container": "37.3.4",
        "victory-zoom-container": "37.3.4"
      },
      "peerDependencies": {
        "react": ">=16.6.0"
      }
    },
    "node_modules/victory-cursor-container": {
      "version": "37.3.4",
      "resolved": "https://registry.npmjs.org/victory-cursor-container/-/victory-cursor-container-37.3.4.tgz",
      "integrity": "sha512-UJrYWnhIhMSTECsL5BOCeM3ck6zsKj5Dy9UI2Ok45kqDy0E9NH86J6mvpBgEuhgR4nf/lBBHc2fYjLx8fLJi2A==",
      "license": "MIT",
      "dependencies": {
        "lodash": "^4.17.19",
        "victory-core": "37.3.4"
      },
      "peerDependencies": {
        "react": ">=16.6.0"
      }
    },
    "node_modules/victory-errorbar": {
      "version": "37.3.4",
      "resolved": "https://registry.npmjs.org/victory-errorbar/-/victory-errorbar-37.3.4.tgz",
      "integrity": "sha512-Ys7fIzTaVtlYg4hA0O9R4oe4oAyT36Mv/fMaqOV3PWCm07IrAeqCX5mP+UPAUvZF3cRp5qHRh1BiaBAEzf+/qg==",
      "license": "MIT",
      "dependencies": {
        "lodash": "^4.17.19",
        "victory-core": "37.3.4"
      },
      "peerDependencies": {
        "react": ">=16.6.0"
      }
    },
    "node_modules/victory-group": {
      "version": "37.3.4",
      "resolved": "https://registry.npmjs.org/victory-group/-/victory-group-37.3.4.tgz",
      "integrity": "sha512-V93yQp/2+JsHdkp2F97Vy/fEJ9WFjzFIhoQ+9KaCI6eOcE72/aIYSJ9Z4JO1yLAR74akl0fPvC624xm8E2VBzg==",
      "license": "MIT",
      "dependencies": {
        "lodash": "^4.17.19",
        "react-fast-compare": "^3.2.0",
        "victory-core": "37.3.4",
        "victory-shared-events": "37.3.4"
      },
      "peerDependencies": {
        "react": ">=16.6.0"
      }
    },
    "node_modules/victory-histogram": {
      "version": "37.3.4",
      "resolved": "https://registry.npmjs.org/victory-histogram/-/victory-histogram-37.3.4.tgz",
      "integrity": "sha512-uqewLuEHDv/CkxDp04KrOaGCenbbjNqklbd52SHlH+C/tSJ0lW9z22WmyHjiygQHzLCpnRjy8jIi1ztQZFDkKg==",
      "license": "MIT",
      "dependencies": {
        "lodash": "^4.17.19",
        "react-fast-compare": "^3.2.0",
        "victory-bar": "37.3.4",
        "victory-core": "37.3.4",
        "victory-vendor": "37.3.4"
      },
      "peerDependencies": {
        "react": ">=16.6.0"
      }
    },
    "node_modules/victory-legend": {
      "version": "37.3.4",
      "resolved": "https://registry.npmjs.org/victory-legend/-/victory-legend-37.3.4.tgz",
      "integrity": "sha512-EwkE6kAzZUxJkWgSVZ1g93tFFtbyElxy7PPRW7ipmWQbtL99kb8hmL40GsEEKHGyOX4bPo2M1TpckL35qEFihA==",
      "license": "MIT",
      "dependencies": {
        "lodash": "^4.17.19",
        "victory-core": "37.3.4"
      },
      "peerDependencies": {
        "react": ">=16.6.0"
      }
    },
    "node_modules/victory-line": {
      "version": "37.3.4",
      "resolved": "https://registry.npmjs.org/victory-line/-/victory-line-37.3.4.tgz",
      "integrity": "sha512-WO4EiBxJG7MS/dfxirRdtrC7qkwCyCKpqtCFSEDJyCyctN8iNp6+SfXiYfIGw6fA4cdT/23weOIaC0DQgI2vBw==",
      "license": "MIT",
      "dependencies": {
        "lodash": "^4.17.19",
        "victory-core": "37.3.4",
        "victory-vendor": "37.3.4"
      },
      "peerDependencies": {
        "react": ">=16.6.0"
      }
    },
    "node_modules/victory-pie": {
      "version": "37.3.4",
      "resolved": "https://registry.npmjs.org/victory-pie/-/victory-pie-37.3.4.tgz",
      "integrity": "sha512-J0qdbySZh2D4SoCpNiIvh9n8DxeafHVPU717cZ/77FAF/ICVf6UWzmqnTUaKQ3leeHt3iJRluBEbXbwrur0WKQ==",
      "license": "MIT",
      "dependencies": {
        "lodash": "^4.17.19",
        "victory-core": "37.3.4",
        "victory-vendor": "37.3.4"
      },
      "peerDependencies": {
        "react": ">=16.6.0"
      }
    },
    "node_modules/victory-polar-axis": {
      "version": "37.3.4",
      "resolved": "https://registry.npmjs.org/victory-polar-axis/-/victory-polar-axis-37.3.4.tgz",
      "integrity": "sha512-qS5cWgh21HiFlzeMGA30f3gf4hsxlESgWhtXVXHZbbXjV3uG+N4OioPYGh2Y1uJjFfDQNMmKekl3YrnsQtBCeg==",
      "license": "MIT",
      "dependencies": {
        "lodash": "^4.17.19",
        "victory-core": "37.3.4"
      },
      "peerDependencies": {
        "react": ">=16.6.0"
      }
    },
    "node_modules/victory-scatter": {
      "version": "37.3.4",
      "resolved": "https://registry.npmjs.org/victory-scatter/-/victory-scatter-37.3.4.tgz",
      "integrity": "sha512-7VGkK6S57mQ2hUtXdT0+D5UI7T0h93TR7XtJPG/PWZuoY+jwp+Poq57Eh5Ebf0HdigGTVkKVp9Devh9822K/vQ==",
      "license": "MIT",
      "dependencies": {
        "lodash": "^4.17.19",
        "victory-core": "37.3.4"
      },
      "peerDependencies": {
        "react": ">=16.6.0"
      }
    },
    "node_modules/victory-selection-container": {
      "version": "37.3.4",
      "resolved": "https://registry.npmjs.org/victory-selection-container/-/victory-selection-container-37.3.4.tgz",
      "integrity": "sha512-8XVY3unWH7nJmD+8PPgNZpweIR6eJkAIoXAJC9eef3CAG4GSTtNflXCJVajRCgrd41RX4b4p7zXOisW9fEQ8Jw==",
      "license": "MIT",
      "dependencies": {
        "lodash": "^4.17.19",
        "victory-core": "37.3.4"
      },
      "peerDependencies": {
        "react": ">=16.6.0"
      }
    },
    "node_modules/victory-shared-events": {
      "version": "37.3.4",
      "resolved": "https://registry.npmjs.org/victory-shared-events/-/victory-shared-events-37.3.4.tgz",
      "integrity": "sha512-eX0Vko3k62R1OnQHe8VikkRP3H8O8nrGXG6GfcUjQWN2uBe31zhwXUOpzZcQstHyfo3L8u3JbQWMQGXEg9LlXw==",
      "license": "MIT",
      "dependencies": {
        "json-stringify-safe": "^5.0.1",
        "lodash": "^4.17.19",
        "react-fast-compare": "^3.2.0",
        "victory-core": "37.3.4"
      },
      "peerDependencies": {
        "react": ">=16.6.0"
      }
    },
    "node_modules/victory-stack": {
      "version": "37.3.4",
      "resolved": "https://registry.npmjs.org/victory-stack/-/victory-stack-37.3.4.tgz",
      "integrity": "sha512-2aWAKnf3D+xk02l2ib+5ft5dlMHl2JegyTmNVCrNZsgHuqsblfffQN+VfRsng8U56KJ5MzVTsWdA3dT4ioveag==",
      "license": "MIT",
      "dependencies": {
        "lodash": "^4.17.19",
        "react-fast-compare": "^3.2.0",
        "victory-core": "37.3.4",
        "victory-shared-events": "37.3.4"
      },
      "peerDependencies": {
        "react": ">=16.6.0"
      }
    },
    "node_modules/victory-tooltip": {
      "version": "37.3.4",
      "resolved": "https://registry.npmjs.org/victory-tooltip/-/victory-tooltip-37.3.4.tgz",
      "integrity": "sha512-kWIO5DEWdqhp+gvdjWb1TtjzSpGiQTr23OWR51FW2nXpkBzvy6GbRYRUB76F7/5XaJk0dsQDX4MYVs9JOxxN+w==",
      "license": "MIT",
      "dependencies": {
        "lodash": "^4.17.19",
        "victory-core": "37.3.4"
      },
      "peerDependencies": {
        "react": ">=16.6.0"
      }
    },
    "node_modules/victory-vendor": {
      "version": "37.3.4",
      "resolved": "https://registry.npmjs.org/victory-vendor/-/victory-vendor-37.3.4.tgz",
      "integrity": "sha512-VD0ddlxWErbl4a2KEG2ruPynLdjDskPny0FuhQkrPVz1o5SBaxkYR8/6mFHUAQBurL8w6eujqP3jJIGVNevbiQ==",
      "license": "MIT AND ISC",
      "dependencies": {
        "@types/d3-array": "^3.0.3",
        "@types/d3-ease": "^3.0.0",
        "@types/d3-interpolate": "^3.0.1",
        "@types/d3-scale": "^4.0.2",
        "@types/d3-shape": "^3.1.0",
        "@types/d3-time": "^3.0.0",
        "@types/d3-timer": "^3.0.0",
        "d3-array": "^3.1.6",
        "d3-ease": "^3.0.1",
        "d3-interpolate": "^3.0.1",
        "d3-scale": "^4.0.2",
        "d3-shape": "^3.1.0",
        "d3-time": "^3.0.0",
        "d3-timer": "^3.0.1"
      }
    },
    "node_modules/victory-voronoi": {
      "version": "37.3.4",
      "resolved": "https://registry.npmjs.org/victory-voronoi/-/victory-voronoi-37.3.4.tgz",
      "integrity": "sha512-wNeE3M7g1ggk2JuyDTLVp9ACOHu4Al4Eq8qHDcfkrN1RWRmmDylBoBT7VMOnor4T2QPof513/+EBsZ6a46CUcw==",
      "license": "MIT",
      "dependencies": {
        "d3-voronoi": "^1.1.4",
        "lodash": "^4.17.19",
        "victory-core": "37.3.4"
      },
      "peerDependencies": {
        "react": ">=16.6.0"
      }
    },
    "node_modules/victory-voronoi-container": {
      "version": "37.3.4",
      "resolved": "https://registry.npmjs.org/victory-voronoi-container/-/victory-voronoi-container-37.3.4.tgz",
      "integrity": "sha512-Vt4l85rg/qHwUZR0j8zcHwsMY5VnowJIEgD9u8FJ69PvBDvW0906+Lh7FJ+aw8zUkUq0S5sE6CRUKyilbOCk+A==",
      "license": "MIT",
      "dependencies": {
        "delaunay-find": "0.0.6",
        "lodash": "^4.17.19",
        "react-fast-compare": "^3.2.0",
        "victory-core": "37.3.4",
        "victory-tooltip": "37.3.4"
      },
      "peerDependencies": {
        "react": ">=16.6.0"
      }
    },
    "node_modules/victory-zoom-container": {
      "version": "37.3.4",
      "resolved": "https://registry.npmjs.org/victory-zoom-container/-/victory-zoom-container-37.3.4.tgz",
      "integrity": "sha512-hXMlG2HX2Lr/VdrsZCxhwAfhDaL2W+f2kn7lk/shy02yEVcRh6B1rJDSUWHxJGWOBRngxzzAToNNOuNzJMRovw==",
      "license": "MIT",
      "dependencies": {
        "lodash": "^4.17.19",
        "victory-core": "37.3.4"
      },
      "peerDependencies": {
        "react": ">=16.6.0"
      }
    }
  }
}
